
Microsoft Visual Studio Solution File, Format Version 12.00
# Visual Studio 15
VisualStudioVersion = 15.0.28307.489
MinimumVisualStudioVersion = 10.0.40219.1
Project("{FAE04EC0-301F-11D3-BF4B-00C04F79EFBC}") = "WebAppSai", "WebAppSai\WebAppSai.csproj", "{B5CA38E2-3FA3-4E4F-A929-D40EA476A9CC}"
EndProject
Global
	GlobalSection(SolutionConfigurationPlatforms) = preSolution
		Debug|Any CPU = Debug|Any CPU
		Release|Any CPU = Release|Any CPU
	EndGlobalSection
	GlobalSection(ProjectConfigurationPlatforms) = postSolution
		{B5CA38E2-3FA3-4E4F-A929-D40EA476A9CC}.Debug|Any CPU.ActiveCfg = Debug|Any CPU
		{B5CA38E2-3FA3-4E4F-A929-D40EA476A9CC}.Debug|Any CPU.Build.0 = Debug|Any CPU
		{B5CA38E2-3FA3-4E4F-A929-D40EA476A9CC}.Release|Any CPU.ActiveCfg = Release|Any CPU
		{B5CA38E2-3FA3-4E4F-A929-D40EA476A9CC}.Release|Any CPU.Build.0 = Release|Any CPU
	EndGlobalSection
	GlobalSection(SolutionProperties) = preSolution
		HideSolutionNode = FALSE
	EndGlobalSection
	GlobalSection(ExtensibilityGlobals) = postSolution
		SolutionGuid = {25CE86A4-7DE0-4FF7-B404-A038EF0641C5}
	EndGlobalSection
EndGlobal
